
Microsoft Visual Studio Solution File, Format Version 12.00
# Visual Studio Version 17
VisualStudioVersion = 17.14.37111.16
MinimumVisualStudioVersion = 10.0.40219.1
Project("{9A19103F-16F7-4668-BE54-9A1E7A4F7556}") = "Market.App", "Market.App\Market.App.csproj", "{E9551D6D-05B7-4560-B195-2811507397D8}"
EndProject
Project("{9A19103F-16F7-4668-BE54-9A1E7A4F7556}") = "Market.Extensions", "Market.Extensions\Market.Extensions.csproj", "{B5C61073-B891-4270-BE69-8690CFA5F50B}"
EndProject
Project("{9A19103F-16F7-4668-BE54-9A1E7A4F7556}") = "Market.DTO", "Market.DTO\Market.DTO.csproj", "{9EBC39F1-8FBE-45FB-B3B5-116BA7E9A92C}"
EndProject
Project("{9A19103F-16F7-4668-BE54-9A1E7A4F7556}") = "Market.Repositories", "Market.Repositories\Market.Repositories.csproj", "{C882E233-9C00-424E-BAE6-038861959068}"
EndProject
Project("{9A19103F-16F7-4668-BE54-9A1E7A4F7556}") = "Market.Services", "Market.Services\Market.Services.csproj", "{A209095B-5164-493A-AB7A-BF3EF1D6499E}"
EndProject
Project("{9A19103F-16F7-4668-BE54-9A1E7A4F7556}") = "Market.Tests", "Market.Tests\Market.Tests.csproj", "{D5369FBF-6A23-42EE-921E-AB7ECB2AF4DA}"
EndProject
Project("{00D1A9C2-B5F0-4AF3-8072-F6C62B433612}") = "Market.Database", "Market.Database\Market.Database.sqlproj", "{18997C36-E733-4CCC-9CB9-92AAF4167CAF}"
EndProject
Project("{2150E333-8FDC-42A3-9474-1A3956D46DE8}") = "Presentation", "Presentation", "{02EA681E-C7D8-13C7-8484-4AC65E1B71E8}"
EndProject
Project("{2150E333-8FDC-42A3-9474-1A3956D46DE8}") = "Core", "Core", "{4E11ABE4-6703-40C8-B743-3A40589A0B4E}"
EndProject
Project("{2150E333-8FDC-42A3-9474-1A3956D46DE8}") = "Infrastructure", "Infrastructure", "{0883367E-7129-4B69-A3F2-104F0F8E410E}"
EndProject
Project("{2150E333-8FDC-42A3-9474-1A3956D46DE8}") = "Tests", "Tests", "{1217FA36-C3BC-455C-94B9-11B78806F471}"
EndProject
Global
	GlobalSection(SolutionConfigurationPlatforms) = preSolution
		Debug|Any CPU = Debug|Any CPU
		Release|Any CPU = Release|Any CPU
	EndGlobalSection
	GlobalSection(ProjectConfigurationPlatforms) = postSolution
		{E9551D6D-05B7-4560-B195-2811507397D8}.Debug|Any CPU.ActiveCfg = Debug|Any CPU
		{E9551D6D-05B7-4560-B195-2811507397D8}.Debug|Any CPU.Build.0 = Debug|Any CPU
		{E9551D6D-05B7-4560-B195-2811507397D8}.Release|Any CPU.ActiveCfg = Release|Any CPU
		{E9551D6D-05B7-4560-B195-2811507397D8}.Release|Any CPU.Build.0 = Release|Any CPU
		{B5C61073-B891-4270-BE69-8690CFA5F50B}.Debug|Any CPU.ActiveCfg = Debug|Any CPU
		{B5C61073-B891-4270-BE69-8690CFA5F50B}.Debug|Any CPU.Build.0 = Debug|Any CPU
		{B5C61073-B891-4270-BE69-8690CFA5F50B}.Release|Any CPU.ActiveCfg = Release|Any CPU
		{B5C61073-B891-4270-BE69-8690CFA5F50B}.Release|Any CPU.Build.0 = Release|Any CPU
		{9EBC39F1-8FBE-45FB-B3B5-116BA7E9A92C}.Debug|Any CPU.ActiveCfg = Debug|Any CPU
		{9EBC39F1-8FBE-45FB-B3B5-116BA7E9A92C}.Debug|Any CPU.Build.0 = Debug|Any CPU
		{9EBC39F1-8FBE-45FB-B3B5-116BA7E9A92C}.Release|Any CPU.ActiveCfg = Release|Any CPU
		{9EBC39F1-8FBE-45FB-B3B5-116BA7E9A92C}.Release|Any CPU.Build.0 = Release|Any CPU
		{C882E233-9C00-424E-BAE6-038861959068}.Debug|Any CPU.ActiveCfg = Debug|Any CPU
		{C882E233-9C00-424E-BAE6-038861959068}.Debug|Any CPU.Build.0 = Debug|Any CPU
		{C882E233-9C00-424E-BAE6-038861959068}.Release|Any CPU.ActiveCfg = Release|Any CPU
		{C882E233-9C00-424E-BAE6-038861959068}.Release|Any CPU.Build.0 = Release|Any CPU
		{A209095B-5164-493A-AB7A-BF3EF1D6499E}.Debug|Any CPU.ActiveCfg = Debug|Any CPU
		{A209095B-5164-493A-AB7A-BF3EF1D6499E}.Debug|Any CPU.Build.0 = Debug|Any CPU
		{A209095B-5164-493A-AB7A-BF3EF1D6499E}.Release|Any CPU.ActiveCfg = Release|Any CPU
		{A209095B-5164-493A-AB7A-BF3EF1D6499E}.Release|Any CPU.Build.0 = Release|Any CPU
		{D5369FBF-6A23-42EE-921E-AB7ECB2AF4DA}.Debug|Any CPU.ActiveCfg = Debug|Any CPU
		{D5369FBF-6A23-42EE-921E-AB7ECB2AF4DA}.Debug|Any CPU.Build.0 = Debug|Any CPU
		{D5369FBF-6A23-42EE-921E-AB7ECB2AF4DA}.Release|Any CPU.ActiveCfg = Release|Any CPU
		{D5369FBF-6A23-42EE-921E-AB7ECB2AF4DA}.Release|Any CPU.Build.0 = Release|Any CPU
		{18997C36-E733-4CCC-9CB9-92AAF4167CAF}.Debug|Any CPU.ActiveCfg = Debug|Any CPU
		{18997C36-E733-4CCC-9CB9-92AAF4167CAF}.Debug|Any CPU.Build.0 = Debug|Any CPU
		{18997C36-E733-4CCC-9CB9-92AAF4167CAF}.Debug|Any CPU.Deploy.0 = Debug|Any CPU
		{18997C36-E733-4CCC-9CB9-92AAF4167CAF}.Release|Any CPU.ActiveCfg = Release|Any CPU
		{18997C36-E733-4CCC-9CB9-92AAF4167CAF}.Release|Any CPU.Build.0 = Release|Any CPU
		{18997C36-E733-4CCC-9CB9-92AAF4167CAF}.Release|Any CPU.Deploy.0 = Release|Any CPU
	EndGlobalSection
	GlobalSection(SolutionProperties) = preSolution
		HideSolutionNode = FALSE
	EndGlobalSection
	GlobalSection(NestedProjects) = preSolution
		{E9551D6D-05B7-4560-B195-2811507397D8} = {02EA681E-C7D8-13C7-8484-4AC65E1B71E8}
		{B5C61073-B891-4270-BE69-8690CFA5F50B} = {0883367E-7129-4B69-A3F2-104F0F8E410E}
		{9EBC39F1-8FBE-45FB-B3B5-116BA7E9A92C} = {4E11ABE4-6703-40C8-B743-3A40589A0B4E}
		{C882E233-9C00-424E-BAE6-038861959068} = {0883367E-7129-4B69-A3F2-104F0F8E410E}
		{A209095B-5164-493A-AB7A-BF3EF1D6499E} = {4E11ABE4-6703-40C8-B743-3A40589A0B4E}
		{D5369FBF-6A23-42EE-921E-AB7ECB2AF4DA} = {1217FA36-C3BC-455C-94B9-11B78806F471}
	EndGlobalSection
	GlobalSection(ExtensibilityGlobals) = postSolution
		SolutionGuid = {E619D080-B451-4864-BE0F-524BEA6765DF}
	EndGlobalSection
EndGlobal
